
Microsoft Visual Studio Solution File, Format Version 12.00
# Visual Studio 2013
VisualStudioVersion = 12.0.30723.0
MinimumVisualStudioVersion = 10.0.40219.1
Project("{FAE04EC0-301F-11D3-BF4B-00C04F79EFBC}") = "GithubWebApi", "GithubWebApi\GithubWebApi.csproj", "{0D0886F7-43B4-44E2-A781-5541387858E5}"
EndProject
Project("{FAE04EC0-301F-11D3-BF4B-00C04F79EFBC}") = "GithubWebApp", "GithubWebApp\GithubWebApp.csproj", "{DEC205BE-A602-4194-AC31-0DDE606FD078}"
EndProject
Project("{FAE04EC0-301F-11D3-BF4B-00C04F79EFBC}") = "GithubWebService", "GithubWebService\GithubWebService.csproj", "{0CF9944B-9AE6-4920-BC5D-3CD311D74683}"
EndProject
Global
	GlobalSection(SolutionConfigurationPlatforms) = preSolution
		Debug|Any CPU = Debug|Any CPU
		Release|Any CPU = Release|Any CPU
	EndGlobalSection
	GlobalSection(ProjectConfigurationPlatforms) = postSolution
		{0D0886F7-43B4-44E2-A781-5541387858E5}.Debug|Any CPU.ActiveCfg = Debug|Any CPU
		{0D0886F7-43B4-44E2-A781-5541387858E5}.Debug|Any CPU.Build.0 = Debug|Any CPU
		{0D0886F7-43B4-44E2-A781-5541387858E5}.Release|Any CPU.ActiveCfg = Release|Any CPU
		{0D0886F7-43B4-44E2-A781-5541387858E5}.Release|Any CPU.Build.0 = Release|Any CPU
		{DEC205BE-A602-4194-AC31-0DDE606FD078}.Debug|Any CPU.ActiveCfg = Debug|Any CPU
		{DEC205BE-A602-4194-AC31-0DDE606FD078}.Debug|Any CPU.Build.0 = Debug|Any CPU
		{DEC205BE-A602-4194-AC31-0DDE606FD078}.Release|Any CPU.ActiveCfg = Release|Any CPU
		{DEC205BE-A602-4194-AC31-0DDE606FD078}.Release|Any CPU.Build.0 = Release|Any CPU
		{0CF9944B-9AE6-4920-BC5D-3CD311D74683}.Debug|Any CPU.ActiveCfg = Debug|Any CPU
		{0CF9944B-9AE6-4920-BC5D-3CD311D74683}.Debug|Any CPU.Build.0 = Debug|Any CPU
		{0CF9944B-9AE6-4920-BC5D-3CD311D74683}.Release|Any CPU.ActiveCfg = Release|Any CPU
		{0CF9944B-9AE6-4920-BC5D-3CD311D74683}.Release|Any CPU.Build.0 = Release|Any CPU
	EndGlobalSection
	GlobalSection(SolutionProperties) = preSolution
		HideSolutionNode = FALSE
	EndGlobalSection
EndGlobal
